
Microsoft Visual Studio Solution File, Format Version 12.00
# Visual Studio Version 16
VisualStudioVersion = 16.0.33927.289
MinimumVisualStudioVersion = 10.0.40219.1
Project("{2150E333-8FDC-42A3-9474-1A3956D46DE8}") = "Task0", "Task0", "{970C311E-9A77-4B13-8FC6-3E96AB8D0FED}"
EndProject
Project("{FAE04EC0-301F-11D3-BF4B-00C04F79EFBC}") = "Tyuiu.KarpenkoNA.Sprint2.Task0.V25", "Tyuiu.KarpenkoNA.Sprint2.Task0.V25\Tyuiu.KarpenkoNA.Sprint2.Task0.V25.csproj", "{4B46F680-B15E-413C-A5B6-E6B9FFA5048F}"
EndProject
Project("{FAE04EC0-301F-11D3-BF4B-00C04F79EFBC}") = "Tyuiu.KarpenkoNA.Sprint2.Task0.V25.Lib", "Tyuiu.KarpenkoNA.Sprint2.Task0.V25.Lib\Tyuiu.KarpenkoNA.Sprint2.Task0.V25.Lib.csproj", "{EAA06EB6-F641-4892-A3C4-AA752F050DFB}"
EndProject
Project("{FAE04EC0-301F-11D3-BF4B-00C04F79EFBC}") = "Tyuiu.KarpenkoNA.Sprint2.Task0.V25.Test", "Tyuiu.KarpenkoNA.Sprint2.Task0.V25.Test\Tyuiu.KarpenkoNA.Sprint2.Task0.V25.Test.csproj", "{6EBFE26C-0CEB-47D2-91BC-20ED236FC40F}"
EndProject
Project("{2150E333-8FDC-42A3-9474-1A3956D46DE8}") = "Task1", "Task1", "{54993191-1321-4A35-9BBB-C8B98155A7B7}"
EndProject
Project("{FAE04EC0-301F-11D3-BF4B-00C04F79EFBC}") = "Tyuiu.KarpenkoNA.Sprint2.Task1.V22", "Tyuiu.KarpenkoNA.Sprint2.Task1.V22\Tyuiu.KarpenkoNA.Sprint2.Task1.V22.csproj", "{D7FD0840-E84A-4378-8B47-44EE65657051}"
EndProject
Project("{FAE04EC0-301F-11D3-BF4B-00C04F79EFBC}") = "Tyuiu.KarpenkoNA.Sprint2.Task1.V22.Lib", "Tyuiu.KarpenkoNA.Sprint2.Task1.V22.Lib\Tyuiu.KarpenkoNA.Sprint2.Task1.V22.Lib.csproj", "{E9BA8E57-C8A4-434E-944B-5963FFF56399}"
EndProject
Project("{FAE04EC0-301F-11D3-BF4B-00C04F79EFBC}") = "Tyuiu.KarpenkoNA.Sprint2.Task1.V22.Test", "Tyuiu.KarpenkoNA.Sprint2.Task1.V22.Test\Tyuiu.KarpenkoNA.Sprint2.Task1.V22.Test.csproj", "{140EB0F5-2332-43CE-83C8-5946FF664D29}"
EndProject
Project("{2150E333-8FDC-42A3-9474-1A3956D46DE8}") = "Task2", "Task2", "{4731E4FC-36FA-47CD-A654-3653BA05365A}"
EndProject
Project("{FAE04EC0-301F-11D3-BF4B-00C04F79EFBC}") = "Tyuiu.KarpenkoNA.Sprint2.Task2.V12", "Tyuiu.KarpenkoNA.Sprint2.Task2.V12\Tyuiu.KarpenkoNA.Sprint2.Task2.V12.csproj", "{B591AEEB-E4D8-4BAB-B473-1DC3F7DFF38A}"
EndProject
Project("{FAE04EC0-301F-11D3-BF4B-00C04F79EFBC}") = "Tyuiu.KarpenkoNA.Sprint2.Task2.V12.Lib", "Tyuiu.KarpenkoNA.Sprint2.Task2.V12.Lib\Tyuiu.KarpenkoNA.Sprint2.Task2.V12.Lib.csproj", "{F0E20562-FB5B-4D6F-B9A0-7046098D6465}"
EndProject
Project("{FAE04EC0-301F-11D3-BF4B-00C04F79EFBC}") = "Tyuiu.KarpenkoNA.Sprint2.Task2.V12.Test", "Tyuiu.KarpenkoNA.Sprint2.Task2.V12.Test\Tyuiu.KarpenkoNA.Sprint2.Task2.V12.Test.csproj", "{9A87F4E4-1F7A-49FD-821C-7FD1C5092D38}"
EndProject
Project("{2150E333-8FDC-42A3-9474-1A3956D46DE8}") = "Task3", "Task3", "{58E0B43A-0367-4977-A6B4-539C888C3480}"
EndProject
Project("{FAE04EC0-301F-11D3-BF4B-00C04F79EFBC}") = "Tyuiu.KarpenkoNA.Sprint2.Task3.V10", "Tyuiu.KarpenkoNA.Sprint2.Task3.V10\Tyuiu.KarpenkoNA.Sprint2.Task3.V10.csproj", "{43DEAB7C-2CAE-4C5E-A9ED-CF330471F927}"
EndProject
Project("{FAE04EC0-301F-11D3-BF4B-00C04F79EFBC}") = "Tyuiu.KarpenkoNA.Sprint2.Task3.V10.Lib", "Tyuiu.KarpenkoNA.Sprint2.Task3.V10.Lib\Tyuiu.KarpenkoNA.Sprint2.Task3.V10.Lib.csproj", "{0C9B45FE-29E6-4B00-87B1-3D298F6E3452}"
EndProject
Project("{FAE04EC0-301F-11D3-BF4B-00C04F79EFBC}") = "Tyuiu.KarpenkoNA.Sprint2.Task3.V10.Test", "Tyuiu.KarpenkoNA.Sprint2.Task3.V10.Test\Tyuiu.KarpenkoNA.Sprint2.Task3.V10.Test.csproj", "{93F7C132-92F8-4646-9E30-3C09D0366246}"
EndProject
Project("{2150E333-8FDC-42A3-9474-1A3956D46DE8}") = "Task4", "Task4", "{51CD351F-C700-4C70-9016-C0C83D52AC65}"
EndProject
Project("{FAE04EC0-301F-11D3-BF4B-00C04F79EFBC}") = "Tyuiu.KarpenkoNA.Sprint2.Task4.V16", "Tyuiu.KarpenkoNA.Sprint2.Task4.V16\Tyuiu.KarpenkoNA.Sprint2.Task4.V16.csproj", "{8EA272B9-6392-4EA7-81A2-CA48FF756D2E}"
EndProject
Project("{FAE04EC0-301F-11D3-BF4B-00C04F79EFBC}") = "Tyuiu.KarpenkoNA.Sprint2.Task4.V16.Lib", "Tyuiu.KarpenkoNA.Sprint2.Task4.V16.Lib\Tyuiu.KarpenkoNA.Sprint2.Task4.V16.Lib.csproj", "{4EE64225-F5BD-4FEE-8319-9F536A072ADA}"
EndProject
Project("{FAE04EC0-301F-11D3-BF4B-00C04F79EFBC}") = "Tyuiu.KarpenkoNA.Sprint2.Task4.V16.Test", "Tyuiu.KarpenkoNA.Sprint2.Task4.V16.Test\Tyuiu.KarpenkoNA.Sprint2.Task4.V16.Test.csproj", "{D0BA9403-8CED-4F69-8A8F-B5327CF12064}"
EndProject
Project("{2150E333-8FDC-42A3-9474-1A3956D46DE8}") = "Task5", "Task5", "{C3282A8D-6585-44C7-B809-BDD2474CED01}"
EndProject
Project("{FAE04EC0-301F-11D3-BF4B-00C04F79EFBC}") = "Tyuiu.KarpenkoNA.Sprint2.Task5.V8", "Tyuiu.KarpenkoNA.Sprint2.Task5.V8\Tyuiu.KarpenkoNA.Sprint2.Task5.V8.csproj", "{73D352D5-7306-482E-B159-49BCD4FA998E}"
EndProject
Project("{FAE04EC0-301F-11D3-BF4B-00C04F79EFBC}") = "Tyuiu.KarpenkoNA.Sprint2.Task5.V8.Lib", "Tyuiu.KarpenkoNA.Sprint2.Task5.V8.Lib\Tyuiu.KarpenkoNA.Sprint2.Task5.V8.Lib.csproj", "{64EB404B-C4B2-4CF7-B6F7-5850FAB276DC}"
EndProject
Project("{FAE04EC0-301F-11D3-BF4B-00C04F79EFBC}") = "Tyuiu.KarpenkoNA.Sprint2.Task5.V8.Test", "Tyuiu.KarpenkoNA.Sprint2.Task5.V8.Test\Tyuiu.KarpenkoNA.Sprint2.Task5.V8.Test.csproj", "{ADF59D96-A1FF-4A78-8152-8134E4247C6E}"
EndProject
Project("{2150E333-8FDC-42A3-9474-1A3956D46DE8}") = "Task6", "Task6", "{FD9914AD-8675-4C4E-BFBA-947D5097CCB2}"
EndProject
Project("{FAE04EC0-301F-11D3-BF4B-00C04F79EFBC}") = "Tyuiu.KarpenkoNA.Sprint2.Task6.V8", "Tyuiu.KarpenkoNA.Sprint2.Task6.V8\Tyuiu.KarpenkoNA.Sprint2.Task6.V8.csproj", "{C9220D56-E527-4639-8242-8D9E728A982A}"
EndProject
Project("{FAE04EC0-301F-11D3-BF4B-00C04F79EFBC}") = "Tyuiu.KarpenkoNA.Sprint2.Task6.V8.Lib", "Tyuiu.KarpenkoNA.Sprint2.Task6.V8.Lib\Tyuiu.KarpenkoNA.Sprint2.Task6.V8.Lib.csproj", "{96A9A21F-CA0C-44BF-859D-A5281E227161}"
EndProject
Project("{FAE04EC0-301F-11D3-BF4B-00C04F79EFBC}") = "Tyuiu.KarpenkoNA.Sprint2.Task6.V8.Test", "Tyuiu.KarpenkoNA.Sprint2.Task6.V8.Test\Tyuiu.KarpenkoNA.Sprint2.Task6.V8.Test.csproj", "{FD513838-849F-4E0D-9598-AD393CC7B1E8}"
EndProject
Global
	GlobalSection(SolutionConfigurationPlatforms) = preSolution
		Debug|Any CPU = Debug|Any CPU
		Release|Any CPU = Release|Any CPU
	EndGlobalSection
	GlobalSection(ProjectConfigurationPlatforms) = postSolution
		{4B46F680-B15E-413C-A5B6-E6B9FFA5048F}.Debug|Any CPU.ActiveCfg = Debug|Any CPU
		{4B46F680-B15E-413C-A5B6-E6B9FFA5048F}.Debug|Any CPU.Build.0 = Debug|Any CPU
		{4B46F680-B15E-413C-A5B6-E6B9FFA5048F}.Release|Any CPU.ActiveCfg = Release|Any CPU
		{4B46F680-B15E-413C-A5B6-E6B9FFA5048F}.Release|Any CPU.Build.0 = Release|Any CPU
		{EAA06EB6-F641-4892-A3C4-AA752F050DFB}.Debug|Any CPU.ActiveCfg = Debug|Any CPU
		{EAA06EB6-F641-4892-A3C4-AA752F050DFB}.Debug|Any CPU.Build.0 = Debug|Any CPU
		{EAA06EB6-F641-4892-A3C4-AA752F050DFB}.Release|Any CPU.ActiveCfg = Release|Any CPU
		{EAA06EB6-F641-4892-A3C4-AA752F050DFB}.Release|Any CPU.Build.0 = Release|Any CPU
		{6EBFE26C-0CEB-47D2-91BC-20ED236FC40F}.Debug|Any CPU.ActiveCfg = Debug|Any CPU
		{6EBFE26C-0CEB-47D2-91BC-20ED236FC40F}.Debug|Any CPU.Build.0 = Debug|Any CPU
		{6EBFE26C-0CEB-47D2-91BC-20ED236FC40F}.Release|Any CPU.ActiveCfg = Release|Any CPU
		{6EBFE26C-0CEB-47D2-91BC-20ED236FC40F}.Release|Any CPU.Build.0 = Release|Any CPU
		{D7FD0840-E84A-4378-8B47-44EE65657051}.Debug|Any CPU.ActiveCfg = Debug|Any CPU
		{D7FD0840-E84A-4378-8B47-44EE65657051}.Debug|Any CPU.Build.0 = Debug|Any CPU
		{D7FD0840-E84A-4378-8B47-44EE65657051}.Release|Any CPU.ActiveCfg = Release|Any CPU
		{D7FD0840-E84A-4378-8B47-44EE65657051}.Release|Any CPU.Build.0 = Release|Any CPU
		{E9BA8E57-C8A4-434E-944B-5963FFF56399}.Debug|Any CPU.ActiveCfg = Debug|Any CPU
		{E9BA8E57-C8A4-434E-944B-5963FFF56399}.Debug|Any CPU.Build.0 = Debug|Any CPU
		{E9BA8E57-C8A4-434E-944B-5963FFF56399}.Release|Any CPU.ActiveCfg = Release|Any CPU
		{E9BA8E57-C8A4-434E-944B-5963FFF56399}.Release|Any CPU.Build.0 = Release|Any CPU
		{140EB0F5-2332-43CE-83C8-5946FF664D29}.Debug|Any CPU.ActiveCfg = Debug|Any CPU
		{140EB0F5-2332-43CE-83C8-5946FF664D29}.Debug|Any CPU.Build.0 = Debug|Any CPU
		{140EB0F5-2332-43CE-83C8-5946FF664D29}.Release|Any CPU.ActiveCfg = Release|Any CPU
		{140EB0F5-2332-43CE-83C8-5946FF664D29}.Release|Any CPU.Build.0 = Release|Any CPU
		{B591AEEB-E4D8-4BAB-B473-1DC3F7DFF38A}.Debug|Any CPU.ActiveCfg = Debug|Any CPU
		{B591AEEB-E4D8-4BAB-B473-1DC3F7DFF38A}.Debug|Any CPU.Build.0 = Debug|Any CPU
		{B591AEEB-E4D8-4BAB-B473-1DC3F7DFF38A}.Release|Any CPU.ActiveCfg = Release|Any CPU
		{B591AEEB-E4D8-4BAB-B473-1DC3F7DFF38A}.Release|Any CPU.Build.0 = Release|Any CPU
		{F0E20562-FB5B-4D6F-B9A0-7046098D6465}.Debug|Any CPU.ActiveCfg = Debug|Any CPU
		{F0E20562-FB5B-4D6F-B9A0-7046098D6465}.Debug|Any CPU.Build.0 = Debug|Any CPU
		{F0E20562-FB5B-4D6F-B9A0-7046098D6465}.Release|Any CPU.ActiveCfg = Release|Any CPU
		{F0E20562-FB5B-4D6F-B9A0-7046098D6465}.Release|Any CPU.Build.0 = Release|Any CPU
		{9A87F4E4-1F7A-49FD-821C-7FD1C5092D38}.Debug|Any CPU.ActiveCfg = Debug|Any CPU
		{9A87F4E4-1F7A-49FD-821C-7FD1C5092D38}.Debug|Any CPU.Build.0 = Debug|Any CPU
		{9A87F4E4-1F7A-49FD-821C-7FD1C5092D38}.Release|Any CPU.ActiveCfg = Release|Any CPU
		{9A87F4E4-1F7A-49FD-821C-7FD1C5092D38}.Release|Any CPU.Build.0 = Release|Any CPU
		{43DEAB7C-2CAE-4C5E-A9ED-CF330471F927}.Debug|Any CPU.ActiveCfg = Debug|Any CPU
		{43DEAB7C-2CAE-4C5E-A9ED-CF330471F927}.Debug|Any CPU.Build.0 = Debug|Any CPU
		{43DEAB7C-2CAE-4C5E-A9ED-CF330471F927}.Release|Any CPU.ActiveCfg = Release|Any CPU
		{43DEAB7C-2CAE-4C5E-A9ED-CF330471F927}.Release|Any CPU.Build.0 = Release|Any CPU
		{0C9B45FE-29E6-4B00-87B1-3D298F6E3452}.Debug|Any CPU.ActiveCfg = Debug|Any CPU
		{0C9B45FE-29E6-4B00-87B1-3D298F6E3452}.Debug|Any CPU.Build.0 = Debug|Any CPU
		{0C9B45FE-29E6-4B00-87B1-3D298F6E3452}.Release|Any CPU.ActiveCfg = Release|Any CPU
		{0C9B45FE-29E6-4B00-87B1-3D298F6E3452}.Release|Any CPU.Build.0 = Release|Any CPU
		{93F7C132-92F8-4646-9E30-3C09D0366246}.Debug|Any CPU.ActiveCfg = Debug|Any CPU
		{93F7C132-92F8-4646-9E30-3C09D0366246}.Debug|Any CPU.Build.0 = Debug|Any CPU
		{93F7C132-92F8-4646-9E30-3C09D0366246}.Release|Any CPU.ActiveCfg = Release|Any CPU
		{93F7C132-92F8-4646-9E30-3C09D0366246}.Release|Any CPU.Build.0 = Release|Any CPU
		{8EA272B9-6392-4EA7-81A2-CA48FF756D2E}.Debug|Any CPU.ActiveCfg = Debug|Any CPU
		{8EA272B9-6392-4EA7-81A2-CA48FF756D2E}.Debug|Any CPU.Build.0 = Debug|Any CPU
		{8EA272B9-6392-4EA7-81A2-CA48FF756D2E}.Release|Any CPU.ActiveCfg = Release|Any CPU
		{8EA272B9-6392-4EA7-81A2-CA48FF756D2E}.Release|Any CPU.Build.0 = Release|Any CPU
		{4EE64225-F5BD-4FEE-8319-9F536A072ADA}.Debug|Any CPU.ActiveCfg = Debug|Any CPU
		{4EE64225-F5BD-4FEE-8319-9F536A072ADA}.Debug|Any CPU.Build.0 = Debug|Any CPU
		{4EE64225-F5BD-4FEE-8319-9F536A072ADA}.Release|Any CPU.ActiveCfg = Release|Any CPU
		{4EE64225-F5BD-4FEE-8319-9F536A072ADA}.Release|Any CPU.Build.0 = Release|Any CPU
		{D0BA9403-8CED-4F69-8A8F-B5327CF12064}.Debug|Any CPU.ActiveCfg = Debug|Any CPU
		{D0BA9403-8CED-4F69-8A8F-B5327CF12064}.Debug|Any CPU.Build.0 = Debug|Any CPU
		{D0BA9403-8CED-4F69-8A8F-B5327CF12064}.Release|Any CPU.ActiveCfg = Release|Any CPU
		{D0BA9403-8CED-4F69-8A8F-B5327CF12064}.Release|Any CPU.Build.0 = Release|Any CPU
		{73D352D5-7306-482E-B159-49BCD4FA998E}.Debug|Any CPU.ActiveCfg = Debug|Any CPU
		{73D352D5-7306-482E-B159-49BCD4FA998E}.Debug|Any CPU.Build.0 = Debug|Any CPU
		{73D352D5-7306-482E-B159-49BCD4FA998E}.Release|Any CPU.ActiveCfg = Release|Any CPU
		{73D352D5-7306-482E-B159-49BCD4FA998E}.Release|Any CPU.Build.0 = Release|Any CPU
		{64EB404B-C4B2-4CF7-B6F7-5850FAB276DC}.Debug|Any CPU.ActiveCfg = Debug|Any CPU
		{64EB404B-C4B2-4CF7-B6F7-5850FAB276DC}.Debug|Any CPU.Build.0 = Debug|Any CPU
		{64EB404B-C4B2-4CF7-B6F7-5850FAB276DC}.Release|Any CPU.ActiveCfg = Release|Any CPU
		{64EB404B-C4B2-4CF7-B6F7-5850FAB276DC}.Release|Any CPU.Build.0 = Release|Any CPU
		{ADF59D96-A1FF-4A78-8152-8134E4247C6E}.Debug|Any CPU.ActiveCfg = Debug|Any CPU
		{ADF59D96-A1FF-4A78-8152-8134E4247C6E}.Debug|Any CPU.Build.0 = Debug|Any CPU
		{ADF59D96-A1FF-4A78-8152-8134E4247C6E}.Release|Any CPU.ActiveCfg = Release|Any CPU
		{ADF59D96-A1FF-4A78-8152-8134E4247C6E}.Release|Any CPU.Build.0 = Release|Any CPU
		{C9220D56-E527-4639-8242-8D9E728A982A}.Debug|Any CPU.ActiveCfg = Debug|Any CPU
		{C9220D56-E527-4639-8242-8D9E728A982A}.Debug|Any CPU.Build.0 = Debug|Any CPU
		{C9220D56-E527-4639-8242-8D9E728A982A}.Release|Any CPU.ActiveCfg = Release|Any CPU
		{C9220D56-E527-4639-8242-8D9E728A982A}.Release|Any CPU.Build.0 = Release|Any CPU
		{96A9A21F-CA0C-44BF-859D-A5281E227161}.Debug|Any CPU.ActiveCfg = Debug|Any CPU
		{96A9A21F-CA0C-44BF-859D-A5281E227161}.Debug|Any CPU.Build.0 = Debug|Any CPU
		{96A9A21F-CA0C-44BF-859D-A5281E227161}.Release|Any CPU.ActiveCfg = Release|Any CPU
		{96A9A21F-CA0C-44BF-859D-A5281E227161}.Release|Any CPU.Build.0 = Release|Any CPU
		{FD513838-849F-4E0D-9598-AD393CC7B1E8}.Debug|Any CPU.ActiveCfg = Debug|Any CPU
		{FD513838-849F-4E0D-9598-AD393CC7B1E8}.Debug|Any CPU.Build.0 = Debug|Any CPU
		{FD513838-849F-4E0D-9598-AD393CC7B1E8}.Release|Any CPU.ActiveCfg = Release|Any CPU
		{FD513838-849F-4E0D-9598-AD393CC7B1E8}.Release|Any CPU.Build.0 = Release|Any CPU
	EndGlobalSection
	GlobalSection(SolutionProperties) = preSolution
		HideSolutionNode = FALSE
	EndGlobalSection
	GlobalSection(NestedProjects) = preSolution
		{4B46F680-B15E-413C-A5B6-E6B9FFA5048F} = {970C311E-9A77-4B13-8FC6-3E96AB8D0FED}
		{EAA06EB6-F641-4892-A3C4-AA752F050DFB} = {970C311E-9A77-4B13-8FC6-3E96AB8D0FED}
		{6EBFE26C-0CEB-47D2-91BC-20ED236FC40F} = {970C311E-9A77-4B13-8FC6-3E96AB8D0FED}
		{D7FD0840-E84A-4378-8B47-44EE65657051} = {54993191-1321-4A35-9BBB-C8B98155A7B7}
		{E9BA8E57-C8A4-434E-944B-5963FFF56399} = {54993191-1321-4A35-9BBB-C8B98155A7B7}
		{140EB0F5-2332-43CE-83C8-5946FF664D29} = {54993191-1321-4A35-9BBB-C8B98155A7B7}
		{B591AEEB-E4D8-4BAB-B473-1DC3F7DFF38A} = {4731E4FC-36FA-47CD-A654-3653BA05365A}
		{F0E20562-FB5B-4D6F-B9A0-7046098D6465} = {4731E4FC-36FA-47CD-A654-3653BA05365A}
		{9A87F4E4-1F7A-49FD-821C-7FD1C5092D38} = {4731E4FC-36FA-47CD-A654-3653BA05365A}
		{43DEAB7C-2CAE-4C5E-A9ED-CF330471F927} = {58E0B43A-0367-4977-A6B4-539C888C3480}
		{0C9B45FE-29E6-4B00-87B1-3D298F6E3452} = {58E0B43A-0367-4977-A6B4-539C888C3480}
		{93F7C132-92F8-4646-9E30-3C09D0366246} = {58E0B43A-0367-4977-A6B4-539C888C3480}
		{8EA272B9-6392-4EA7-81A2-CA48FF756D2E} = {51CD351F-C700-4C70-9016-C0C83D52AC65}
		{4EE64225-F5BD-4FEE-8319-9F536A072ADA} = {51CD351F-C700-4C70-9016-C0C83D52AC65}
		{D0BA9403-8CED-4F69-8A8F-B5327CF12064} = {51CD351F-C700-4C70-9016-C0C83D52AC65}
		{73D352D5-7306-482E-B159-49BCD4FA998E} = {C3282A8D-6585-44C7-B809-BDD2474CED01}
		{64EB404B-C4B2-4CF7-B6F7-5850FAB276DC} = {C3282A8D-6585-44C7-B809-BDD2474CED01}
		{ADF59D96-A1FF-4A78-8152-8134E4247C6E} = {C3282A8D-6585-44C7-B809-BDD2474CED01}
		{C9220D56-E527-4639-8242-8D9E728A982A} = {FD9914AD-8675-4C4E-BFBA-947D5097CCB2}
		{96A9A21F-CA0C-44BF-859D-A5281E227161} = {FD9914AD-8675-4C4E-BFBA-947D5097CCB2}
		{FD513838-849F-4E0D-9598-AD393CC7B1E8} = {FD9914AD-8675-4C4E-BFBA-947D5097CCB2}
	EndGlobalSection
	GlobalSection(ExtensibilityGlobals) = postSolution
		SolutionGuid = {426BE65B-45ED-4451-B4C9-5338D113A2E4}
	EndGlobalSection
EndGlobal
